
Microsoft Visual Studio Solution File, Format Version 11.00
# Visual Studio 2010
Project("{FAE04EC0-301F-11D3-BF4B-00C04F79EFBC}") = "Assembly-CSharp", "Assembly-CSharp.csproj", "{fe5dc159-456e-378f-18f9-8104978be3a5}"
EndProject
Project("{FAE04EC0-301F-11D3-BF4B-00C04F79EFBC}") = "Assembly-CSharp-Editor", "Assembly-CSharp-Editor.csproj", "{212c6645-df6f-c2b9-6aae-c2b11c7be658}"
EndProject
Global
	GlobalSection(SolutionConfigurationPlatforms) = preSolution
		Debug|Any CPU = Debug|Any CPU
	EndGlobalSection
	GlobalSection(ProjectConfigurationPlatforms) = postSolution
		{fe5dc159-456e-378f-18f9-8104978be3a5}.Debug|Any CPU.ActiveCfg = Debug|Any CPU
		{fe5dc159-456e-378f-18f9-8104978be3a5}.Debug|Any CPU.Build.0 = Debug|Any CPU
		{212c6645-df6f-c2b9-6aae-c2b11c7be658}.Debug|Any CPU.ActiveCfg = Debug|Any CPU
		{212c6645-df6f-c2b9-6aae-c2b11c7be658}.Debug|Any CPU.Build.0 = Debug|Any CPU
	EndGlobalSection
	GlobalSection(SolutionProperties) = preSolution
		HideSolutionNode = FALSE
	EndGlobalSection
EndGlobal
